
Microsoft Visual Studio Solution File, Format Version 12.00
# Visual Studio 2013
VisualStudioVersion = 12.0.31101.0
MinimumVisualStudioVersion = 10.0.40219.1
Project("{2150E333-8FDC-42A3-9474-1A3956D46DE8}") = "Shopping", "Shopping", "{68702446-1816-4D16-919F-CE20BFE399C3}"
EndProject
Project("{D954291E-2A0B-460D-934E-DC6B0785DB48}") = "Shopping.Shared", "Shopping\Shopping.Shared\Shopping.Shared.shproj", "{B43D63E8-BFF1-42CB-B461-97E21B1C7787}"
EndProject
Project("{FAE04EC0-301F-11D3-BF4B-00C04F79EFBC}") = "Shopping.Windows", "Shopping\Shopping.Windows\Shopping.Windows.csproj", "{3A723B17-FDE2-412E-ABFE-673D28FC9F0E}"
EndProject
Project("{FAE04EC0-301F-11D3-BF4B-00C04F79EFBC}") = "Shopping.WindowsPhone", "Shopping\Shopping.WindowsPhone\Shopping.WindowsPhone.csproj", "{06452590-B601-4833-9E01-FA8613E92BD3}"
EndProject
Global
	GlobalSection(SharedMSBuildProjectFiles) = preSolution
		Shopping\Shopping.Shared\Shopping.Shared.projitems*{b43d63e8-bff1-42cb-b461-97e21b1c7787}*SharedItemsImports = 13
		Shopping\Shopping.Shared\Shopping.Shared.projitems*{3a723b17-fde2-412e-abfe-673d28fc9f0e}*SharedItemsImports = 4
		Shopping\Shopping.Shared\Shopping.Shared.projitems*{06452590-b601-4833-9e01-fa8613e92bd3}*SharedItemsImports = 4
	EndGlobalSection
	GlobalSection(SolutionConfigurationPlatforms) = preSolution
		Debug|Any CPU = Debug|Any CPU
		Debug|ARM = Debug|ARM
		Debug|x64 = Debug|x64
		Debug|x86 = Debug|x86
		Release|Any CPU = Release|Any CPU
		Release|ARM = Release|ARM
		Release|x64 = Release|x64
		Release|x86 = Release|x86
	EndGlobalSection
	GlobalSection(ProjectConfigurationPlatforms) = postSolution
		{3A723B17-FDE2-412E-ABFE-673D28FC9F0E}.Debug|Any CPU.ActiveCfg = Debug|Any CPU
		{3A723B17-FDE2-412E-ABFE-673D28FC9F0E}.Debug|Any CPU.Build.0 = Debug|Any CPU
		{3A723B17-FDE2-412E-ABFE-673D28FC9F0E}.Debug|Any CPU.Deploy.0 = Debug|Any CPU
		{3A723B17-FDE2-412E-ABFE-673D28FC9F0E}.Debug|ARM.ActiveCfg = Debug|ARM
		{3A723B17-FDE2-412E-ABFE-673D28FC9F0E}.Debug|ARM.Build.0 = Debug|ARM
		{3A723B17-FDE2-412E-ABFE-673D28FC9F0E}.Debug|ARM.Deploy.0 = Debug|ARM
		{3A723B17-FDE2-412E-ABFE-673D28FC9F0E}.Debug|x64.ActiveCfg = Debug|x64
		{3A723B17-FDE2-412E-ABFE-673D28FC9F0E}.Debug|x64.Build.0 = Debug|x64
		{3A723B17-FDE2-412E-ABFE-673D28FC9F0E}.Debug|x64.Deploy.0 = Debug|x64
		{3A723B17-FDE2-412E-ABFE-673D28FC9F0E}.Debug|x86.ActiveCfg = Debug|x86
		{3A723B17-FDE2-412E-ABFE-673D28FC9F0E}.Debug|x86.Build.0 = Debug|x86
		{3A723B17-FDE2-412E-ABFE-673D28FC9F0E}.Debug|x86.Deploy.0 = Debug|x86
		{3A723B17-FDE2-412E-ABFE-673D28FC9F0E}.Release|Any CPU.ActiveCfg = Release|Any CPU
		{3A723B17-FDE2-412E-ABFE-673D28FC9F0E}.Release|Any CPU.Build.0 = Release|Any CPU
		{3A723B17-FDE2-412E-ABFE-673D28FC9F0E}.Release|Any CPU.Deploy.0 = Release|Any CPU
		{3A723B17-FDE2-412E-ABFE-673D28FC9F0E}.Release|ARM.ActiveCfg = Release|ARM
		{3A723B17-FDE2-412E-ABFE-673D28FC9F0E}.Release|ARM.Build.0 = Release|ARM
		{3A723B17-FDE2-412E-ABFE-673D28FC9F0E}.Release|ARM.Deploy.0 = Release|ARM
		{3A723B17-FDE2-412E-ABFE-673D28FC9F0E}.Release|x64.ActiveCfg = Release|x64
		{3A723B17-FDE2-412E-ABFE-673D28FC9F0E}.Release|x64.Build.0 = Release|x64
		{3A723B17-FDE2-412E-ABFE-673D28FC9F0E}.Release|x64.Deploy.0 = Release|x64
		{3A723B17-FDE2-412E-ABFE-673D28FC9F0E}.Release|x86.ActiveCfg = Release|x86
		{3A723B17-FDE2-412E-ABFE-673D28FC9F0E}.Release|x86.Build.0 = Release|x86
		{3A723B17-FDE2-412E-ABFE-673D28FC9F0E}.Release|x86.Deploy.0 = Release|x86
		{06452590-B601-4833-9E01-FA8613E92BD3}.Debug|Any CPU.ActiveCfg = Debug|Any CPU
		{06452590-B601-4833-9E01-FA8613E92BD3}.Debug|Any CPU.Build.0 = Debug|Any CPU
		{06452590-B601-4833-9E01-FA8613E92BD3}.Debug|Any CPU.Deploy.0 = Debug|Any CPU
		{06452590-B601-4833-9E01-FA8613E92BD3}.Debug|ARM.ActiveCfg = Debug|ARM
		{06452590-B601-4833-9E01-FA8613E92BD3}.Debug|ARM.Build.0 = Debug|ARM
		{06452590-B601-4833-9E01-FA8613E92BD3}.Debug|ARM.Deploy.0 = Debug|ARM
		{06452590-B601-4833-9E01-FA8613E92BD3}.Debug|x64.ActiveCfg = Debug|Any CPU
		{06452590-B601-4833-9E01-FA8613E92BD3}.Debug|x86.ActiveCfg = Debug|x86
		{06452590-B601-4833-9E01-FA8613E92BD3}.Debug|x86.Build.0 = Debug|x86
		{06452590-B601-4833-9E01-FA8613E92BD3}.Debug|x86.Deploy.0 = Debug|x86
		{06452590-B601-4833-9E01-FA8613E92BD3}.Release|Any CPU.ActiveCfg = Release|Any CPU
		{06452590-B601-4833-9E01-FA8613E92BD3}.Release|Any CPU.Build.0 = Release|Any CPU
		{06452590-B601-4833-9E01-FA8613E92BD3}.Release|Any CPU.Deploy.0 = Release|Any CPU
		{06452590-B601-4833-9E01-FA8613E92BD3}.Release|ARM.ActiveCfg = Release|ARM
		{06452590-B601-4833-9E01-FA8613E92BD3}.Release|ARM.Build.0 = Release|ARM
		{06452590-B601-4833-9E01-FA8613E92BD3}.Release|ARM.Deploy.0 = Release|ARM
		{06452590-B601-4833-9E01-FA8613E92BD3}.Release|x64.ActiveCfg = Release|Any CPU
		{06452590-B601-4833-9E01-FA8613E92BD3}.Release|x86.ActiveCfg = Release|x86
		{06452590-B601-4833-9E01-FA8613E92BD3}.Release|x86.Build.0 = Release|x86
		{06452590-B601-4833-9E01-FA8613E92BD3}.Release|x86.Deploy.0 = Release|x86
	EndGlobalSection
	GlobalSection(SolutionProperties) = preSolution
		HideSolutionNode = FALSE
	EndGlobalSection
	GlobalSection(NestedProjects) = preSolution
		{B43D63E8-BFF1-42CB-B461-97E21B1C7787} = {68702446-1816-4D16-919F-CE20BFE399C3}
		{3A723B17-FDE2-412E-ABFE-673D28FC9F0E} = {68702446-1816-4D16-919F-CE20BFE399C3}
		{06452590-B601-4833-9E01-FA8613E92BD3} = {68702446-1816-4D16-919F-CE20BFE399C3}
	EndGlobalSection
EndGlobal
